
Microsoft Visual Studio Solution File, Format Version 12.00
# Visual Studio Version 17
VisualStudioVersion = 17.6.33723.286
MinimumVisualStudioVersion = 10.0.40219.1
Project("{2150E333-8FDC-42A3-9474-1A3956D46DE8}") = "src", "src", "{6E6FE953-9A0E-40D7-B564-73C95854FCB7}"
EndProject
Project("{2150E333-8FDC-42A3-9474-1A3956D46DE8}") = "Infrastructure", "Infrastructure", "{89F67868-4AB5-442C-93B7-25A568E4FFB1}"
EndProject
Project("{9A19103F-16F7-4668-BE54-9A1E7A4F7556}") = "UsedCables.Infrastructure", "src\Infrastructure\UsedCables.Infrastructure\UsedCables.Infrastructure.csproj", "{F13176B5-5CBB-442F-974B-9A3C420A1A47}"
EndProject
Project("{2150E333-8FDC-42A3-9474-1A3956D46DE8}") = "Services", "Services", "{7226A181-6AFB-4687-9322-97A26F402F08}"
EndProject
Project("{2150E333-8FDC-42A3-9474-1A3956D46DE8}") = "ProductService", "ProductService", "{2A6036D0-B8DA-4788-BBC5-009EBB22A09E}"
EndProject
Project("{9A19103F-16F7-4668-BE54-9A1E7A4F7556}") = "ProductService.Domain", "src\Services\ProductService\ProductService.Domain\ProductService.Domain.csproj", "{AD771493-EA06-4786-89A5-F7E2E46E6B90}"
EndProject
Project("{9A19103F-16F7-4668-BE54-9A1E7A4F7556}") = "ProductService.Application", "src\Services\ProductService\ProductService.Application\ProductService.Application.csproj", "{C4D08A49-AD0C-4248-9177-6C0BBAB00370}"
EndProject
Project("{9A19103F-16F7-4668-BE54-9A1E7A4F7556}") = "ProductService.Api", "src\Services\ProductService\ProductService.Api\ProductService.Api.csproj", "{97D97E57-EFB1-4D15-A007-95A396EEF529}"
EndProject
Project("{2150E333-8FDC-42A3-9474-1A3956D46DE8}") = "Solution Items", "Solution Items", "{5E586323-D1DE-4B1D-96E5-DDE025A432EB}"
EndProject
Project("{E53339B2-1760-4266-BCC7-CA923CBCF16C}") = "docker-compose", "docker-compose.dcproj", "{BAF0576E-BE73-4269-8332-410BA07115DD}"
EndProject
Project("{2150E333-8FDC-42A3-9474-1A3956D46DE8}") = "Authentication", "Authentication", "{A4B065A1-5A40-47DB-9E39-6459C99E819C}"
EndProject
Project("{FAE04EC0-301F-11D3-BF4B-00C04F79EFBC}") = "Authentication.Api", "src\Authentication\Authentication.Api\Authentication.Api.csproj", "{4C65117E-0B6D-4520-8B48-B8C313653284}"
EndProject
Project("{FAE04EC0-301F-11D3-BF4B-00C04F79EFBC}") = "Authentication.Infrastructure", "src\Authentication\Authentication.Infrastructure\Authentication.Infrastructure.csproj", "{3D9C19A6-F5AC-493D-B74D-6ECC2F2235CB}"
EndProject
Global
	GlobalSection(SolutionConfigurationPlatforms) = preSolution
		Debug|Any CPU = Debug|Any CPU
		Release|Any CPU = Release|Any CPU
	EndGlobalSection
	GlobalSection(ProjectConfigurationPlatforms) = postSolution
		{F13176B5-5CBB-442F-974B-9A3C420A1A47}.Debug|Any CPU.ActiveCfg = Debug|Any CPU
		{F13176B5-5CBB-442F-974B-9A3C420A1A47}.Debug|Any CPU.Build.0 = Debug|Any CPU
		{F13176B5-5CBB-442F-974B-9A3C420A1A47}.Release|Any CPU.ActiveCfg = Release|Any CPU
		{F13176B5-5CBB-442F-974B-9A3C420A1A47}.Release|Any CPU.Build.0 = Release|Any CPU
		{AD771493-EA06-4786-89A5-F7E2E46E6B90}.Debug|Any CPU.ActiveCfg = Debug|Any CPU
		{AD771493-EA06-4786-89A5-F7E2E46E6B90}.Debug|Any CPU.Build.0 = Debug|Any CPU
		{AD771493-EA06-4786-89A5-F7E2E46E6B90}.Release|Any CPU.ActiveCfg = Release|Any CPU
		{AD771493-EA06-4786-89A5-F7E2E46E6B90}.Release|Any CPU.Build.0 = Release|Any CPU
		{C4D08A49-AD0C-4248-9177-6C0BBAB00370}.Debug|Any CPU.ActiveCfg = Debug|Any CPU
		{C4D08A49-AD0C-4248-9177-6C0BBAB00370}.Debug|Any CPU.Build.0 = Debug|Any CPU
		{C4D08A49-AD0C-4248-9177-6C0BBAB00370}.Release|Any CPU.ActiveCfg = Release|Any CPU
		{C4D08A49-AD0C-4248-9177-6C0BBAB00370}.Release|Any CPU.Build.0 = Release|Any CPU
		{97D97E57-EFB1-4D15-A007-95A396EEF529}.Debug|Any CPU.ActiveCfg = Debug|Any CPU
		{97D97E57-EFB1-4D15-A007-95A396EEF529}.Debug|Any CPU.Build.0 = Debug|Any CPU
		{97D97E57-EFB1-4D15-A007-95A396EEF529}.Release|Any CPU.ActiveCfg = Release|Any CPU
		{97D97E57-EFB1-4D15-A007-95A396EEF529}.Release|Any CPU.Build.0 = Release|Any CPU
		{BAF0576E-BE73-4269-8332-410BA07115DD}.Debug|Any CPU.ActiveCfg = Debug|Any CPU
		{BAF0576E-BE73-4269-8332-410BA07115DD}.Debug|Any CPU.Build.0 = Debug|Any CPU
		{BAF0576E-BE73-4269-8332-410BA07115DD}.Release|Any CPU.ActiveCfg = Release|Any CPU
		{BAF0576E-BE73-4269-8332-410BA07115DD}.Release|Any CPU.Build.0 = Release|Any CPU
		{4C65117E-0B6D-4520-8B48-B8C313653284}.Debug|Any CPU.ActiveCfg = Debug|Any CPU
		{4C65117E-0B6D-4520-8B48-B8C313653284}.Debug|Any CPU.Build.0 = Debug|Any CPU
		{4C65117E-0B6D-4520-8B48-B8C313653284}.Release|Any CPU.ActiveCfg = Release|Any CPU
		{4C65117E-0B6D-4520-8B48-B8C313653284}.Release|Any CPU.Build.0 = Release|Any CPU
		{3D9C19A6-F5AC-493D-B74D-6ECC2F2235CB}.Debug|Any CPU.ActiveCfg = Debug|Any CPU
		{3D9C19A6-F5AC-493D-B74D-6ECC2F2235CB}.Debug|Any CPU.Build.0 = Debug|Any CPU
		{3D9C19A6-F5AC-493D-B74D-6ECC2F2235CB}.Release|Any CPU.ActiveCfg = Release|Any CPU
		{3D9C19A6-F5AC-493D-B74D-6ECC2F2235CB}.Release|Any CPU.Build.0 = Release|Any CPU
	EndGlobalSection
	GlobalSection(SolutionProperties) = preSolution
		HideSolutionNode = FALSE
	EndGlobalSection
	GlobalSection(NestedProjects) = preSolution
		{89F67868-4AB5-442C-93B7-25A568E4FFB1} = {6E6FE953-9A0E-40D7-B564-73C95854FCB7}
		{F13176B5-5CBB-442F-974B-9A3C420A1A47} = {89F67868-4AB5-442C-93B7-25A568E4FFB1}
		{7226A181-6AFB-4687-9322-97A26F402F08} = {6E6FE953-9A0E-40D7-B564-73C95854FCB7}
		{2A6036D0-B8DA-4788-BBC5-009EBB22A09E} = {7226A181-6AFB-4687-9322-97A26F402F08}
		{AD771493-EA06-4786-89A5-F7E2E46E6B90} = {2A6036D0-B8DA-4788-BBC5-009EBB22A09E}
		{C4D08A49-AD0C-4248-9177-6C0BBAB00370} = {2A6036D0-B8DA-4788-BBC5-009EBB22A09E}
		{97D97E57-EFB1-4D15-A007-95A396EEF529} = {2A6036D0-B8DA-4788-BBC5-009EBB22A09E}
		{A4B065A1-5A40-47DB-9E39-6459C99E819C} = {6E6FE953-9A0E-40D7-B564-73C95854FCB7}
		{4C65117E-0B6D-4520-8B48-B8C313653284} = {A4B065A1-5A40-47DB-9E39-6459C99E819C}
		{3D9C19A6-F5AC-493D-B74D-6ECC2F2235CB} = {A4B065A1-5A40-47DB-9E39-6459C99E819C}
	EndGlobalSection
	GlobalSection(ExtensibilityGlobals) = postSolution
		SolutionGuid = {3CCAC20B-22FC-484D-8B54-5F4E5A6AFFCD}
	EndGlobalSection
EndGlobal
